
Microsoft Visual Studio Solution File, Format Version 12.00
# Visual Studio Version 17
VisualStudioVersion = 17.5.33530.505
MinimumVisualStudioVersion = 10.0.40219.1
Project("{2150E333-8FDC-42A3-9474-1A3956D46DE8}") = "src", "src", "{900A2C09-E9A7-4442-92A4-2D366441AB72}"
EndProject
Project("{2150E333-8FDC-42A3-9474-1A3956D46DE8}") = "testes", "testes", "{2230417E-E5ED-4EDC-8B28-AD4C0A618DAD}"
EndProject
Project("{2150E333-8FDC-42A3-9474-1A3956D46DE8}") = "adapters", "adapters", "{CE31E2CE-C5DF-4358-9005-713603641402}"
EndProject
Project("{2150E333-8FDC-42A3-9474-1A3956D46DE8}") = "core", "core", "{D0B7CEC5-780C-4C01-BE24-D61CE08D8FC3}"
EndProject
Project("{2150E333-8FDC-42A3-9474-1A3956D46DE8}") = "Driven", "Driven", "{9C5832E2-7390-4CE6-B537-B6779E72A994}"
EndProject
Project("{2150E333-8FDC-42A3-9474-1A3956D46DE8}") = "Driver", "Driver", "{04ACA4F4-7D71-4E13-966B-0C12C853E64B}"
EndProject
Project("{FAE04EC0-301F-11D3-BF4B-00C04F79EFBC}") = "Application", "Application\Application.csproj", "{B9532C06-CC2B-4D28-B44F-7C8BCA53542B}"
EndProject
Project("{FAE04EC0-301F-11D3-BF4B-00C04F79EFBC}") = "Domain", "Domain\Domain.csproj", "{4BDA035D-5019-4D5F-B3CB-2661A6D7B6B7}"
EndProject
Project("{FAE04EC0-301F-11D3-BF4B-00C04F79EFBC}") = "Infra", "Infra\Infra.csproj", "{69F74D07-9158-4340-8A9D-4AE1D0D29E9C}"
EndProject
Project("{FAE04EC0-301F-11D3-BF4B-00C04F79EFBC}") = "API", "API\API.csproj", "{E0D81E21-FA62-45F3-9C93-BDCFBF0A1A9F}"
EndProject
Global
	GlobalSection(SolutionConfigurationPlatforms) = preSolution
		Debug|Any CPU = Debug|Any CPU
		Release|Any CPU = Release|Any CPU
	EndGlobalSection
	GlobalSection(ProjectConfigurationPlatforms) = postSolution
		{B9532C06-CC2B-4D28-B44F-7C8BCA53542B}.Debug|Any CPU.ActiveCfg = Debug|Any CPU
		{B9532C06-CC2B-4D28-B44F-7C8BCA53542B}.Debug|Any CPU.Build.0 = Debug|Any CPU
		{B9532C06-CC2B-4D28-B44F-7C8BCA53542B}.Release|Any CPU.ActiveCfg = Release|Any CPU
		{B9532C06-CC2B-4D28-B44F-7C8BCA53542B}.Release|Any CPU.Build.0 = Release|Any CPU
		{4BDA035D-5019-4D5F-B3CB-2661A6D7B6B7}.Debug|Any CPU.ActiveCfg = Debug|Any CPU
		{4BDA035D-5019-4D5F-B3CB-2661A6D7B6B7}.Debug|Any CPU.Build.0 = Debug|Any CPU
		{4BDA035D-5019-4D5F-B3CB-2661A6D7B6B7}.Release|Any CPU.ActiveCfg = Release|Any CPU
		{4BDA035D-5019-4D5F-B3CB-2661A6D7B6B7}.Release|Any CPU.Build.0 = Release|Any CPU
		{69F74D07-9158-4340-8A9D-4AE1D0D29E9C}.Debug|Any CPU.ActiveCfg = Debug|Any CPU
		{69F74D07-9158-4340-8A9D-4AE1D0D29E9C}.Debug|Any CPU.Build.0 = Debug|Any CPU
		{69F74D07-9158-4340-8A9D-4AE1D0D29E9C}.Release|Any CPU.ActiveCfg = Release|Any CPU
		{69F74D07-9158-4340-8A9D-4AE1D0D29E9C}.Release|Any CPU.Build.0 = Release|Any CPU
		{E0D81E21-FA62-45F3-9C93-BDCFBF0A1A9F}.Debug|Any CPU.ActiveCfg = Debug|Any CPU
		{E0D81E21-FA62-45F3-9C93-BDCFBF0A1A9F}.Debug|Any CPU.Build.0 = Debug|Any CPU
		{E0D81E21-FA62-45F3-9C93-BDCFBF0A1A9F}.Release|Any CPU.ActiveCfg = Release|Any CPU
		{E0D81E21-FA62-45F3-9C93-BDCFBF0A1A9F}.Release|Any CPU.Build.0 = Release|Any CPU
	EndGlobalSection
	GlobalSection(SolutionProperties) = preSolution
		HideSolutionNode = FALSE
	EndGlobalSection
	GlobalSection(NestedProjects) = preSolution
		{CE31E2CE-C5DF-4358-9005-713603641402} = {900A2C09-E9A7-4442-92A4-2D366441AB72}
		{D0B7CEC5-780C-4C01-BE24-D61CE08D8FC3} = {900A2C09-E9A7-4442-92A4-2D366441AB72}
		{9C5832E2-7390-4CE6-B537-B6779E72A994} = {CE31E2CE-C5DF-4358-9005-713603641402}
		{04ACA4F4-7D71-4E13-966B-0C12C853E64B} = {CE31E2CE-C5DF-4358-9005-713603641402}
		{B9532C06-CC2B-4D28-B44F-7C8BCA53542B} = {D0B7CEC5-780C-4C01-BE24-D61CE08D8FC3}
		{4BDA035D-5019-4D5F-B3CB-2661A6D7B6B7} = {D0B7CEC5-780C-4C01-BE24-D61CE08D8FC3}
		{69F74D07-9158-4340-8A9D-4AE1D0D29E9C} = {9C5832E2-7390-4CE6-B537-B6779E72A994}
		{E0D81E21-FA62-45F3-9C93-BDCFBF0A1A9F} = {04ACA4F4-7D71-4E13-966B-0C12C853E64B}
	EndGlobalSection
	GlobalSection(ExtensibilityGlobals) = postSolution
		SolutionGuid = {845F393B-C234-4C7D-AE33-7EBDCD0D0E3C}
	EndGlobalSection
EndGlobal
